
Microsoft Visual Studio Solution File, Format Version 12.00
# Visual Studio Version 17
VisualStudioVersion = 17.0.32014.148
MinimumVisualStudioVersion = 10.0.40219.1
Project("{FAE04EC0-301F-11D3-BF4B-00C04F79EFBC}") = "LilChatApp", "LilChatApp\LilChatApp.csproj", "{F4587C97-D6A9-4F74-BCBE-B8F60675EF2D}"
EndProject
Global
	GlobalSection(SolutionConfigurationPlatforms) = preSolution
		Debug|Any CPU = Debug|Any CPU
		Release|Any CPU = Release|Any CPU
	EndGlobalSection
	GlobalSection(ProjectConfigurationPlatforms) = postSolution
		{F4587C97-D6A9-4F74-BCBE-B8F60675EF2D}.Debug|Any CPU.ActiveCfg = Debug|Any CPU
		{F4587C97-D6A9-4F74-BCBE-B8F60675EF2D}.Debug|Any CPU.Build.0 = Debug|Any CPU
		{F4587C97-D6A9-4F74-BCBE-B8F60675EF2D}.Release|Any CPU.ActiveCfg = Release|Any CPU
		{F4587C97-D6A9-4F74-BCBE-B8F60675EF2D}.Release|Any CPU.Build.0 = Release|Any CPU
	EndGlobalSection
	GlobalSection(SolutionProperties) = preSolution
		HideSolutionNode = FALSE
	EndGlobalSection
	GlobalSection(ExtensibilityGlobals) = postSolution
		SolutionGuid = {321D2964-5958-48ED-A672-E38F1255C121}
	EndGlobalSection
EndGlobal
